
Microsoft Visual Studio Solution File, Format Version 12.00
# Visual Studio Version 16
VisualStudioVersion = 16.0.30907.101
MinimumVisualStudioVersion = 10.0.40219.1
Project("{FAE04EC0-301F-11D3-BF4B-00C04F79EFBC}") = "Dumper", "Dumper\Dumper.csproj", "{A3CB1417-9FD2-46C6-A84B-50D9FFF1CF11}"
EndProject
Global
	GlobalSection(SolutionConfigurationPlatforms) = preSolution
		Debug|Any CPU = Debug|Any CPU
		Release|Any CPU = Release|Any CPU
	EndGlobalSection
	GlobalSection(ProjectConfigurationPlatforms) = postSolution
		{A3CB1417-9FD2-46C6-A84B-50D9FFF1CF11}.Debug|Any CPU.ActiveCfg = Debug|Any CPU
		{A3CB1417-9FD2-46C6-A84B-50D9FFF1CF11}.Debug|Any CPU.Build.0 = Debug|Any CPU
		{A3CB1417-9FD2-46C6-A84B-50D9FFF1CF11}.Release|Any CPU.ActiveCfg = Release|Any CPU
		{A3CB1417-9FD2-46C6-A84B-50D9FFF1CF11}.Release|Any CPU.Build.0 = Release|Any CPU
	EndGlobalSection
	GlobalSection(SolutionProperties) = preSolution
		HideSolutionNode = FALSE
	EndGlobalSection
	GlobalSection(ExtensibilityGlobals) = postSolution
		SolutionGuid = {47F29635-04E7-4C9E-B879-0EEB52F940E5}
	EndGlobalSection
EndGlobal
